
Microsoft Visual Studio Solution File, Format Version 12.00
# Visual Studio Version 17
VisualStudioVersion = 17.7.34031.279
MinimumVisualStudioVersion = 10.0.40219.1
Project("{FAE04EC0-301F-11D3-BF4B-00C04F79EFBC}") = "Dictionary tehtävä 10", "Dictionary tehtävä 10\Dictionary tehtävä 10.csproj", "{EF216D47-5B44-4CC5-9EA1-BE7CC95CABF9}"
EndProject
Global
	GlobalSection(SolutionConfigurationPlatforms) = preSolution
		Debug|Any CPU = Debug|Any CPU
		Release|Any CPU = Release|Any CPU
	EndGlobalSection
	GlobalSection(ProjectConfigurationPlatforms) = postSolution
		{EF216D47-5B44-4CC5-9EA1-BE7CC95CABF9}.Debug|Any CPU.ActiveCfg = Debug|Any CPU
		{EF216D47-5B44-4CC5-9EA1-BE7CC95CABF9}.Debug|Any CPU.Build.0 = Debug|Any CPU
		{EF216D47-5B44-4CC5-9EA1-BE7CC95CABF9}.Release|Any CPU.ActiveCfg = Release|Any CPU
		{EF216D47-5B44-4CC5-9EA1-BE7CC95CABF9}.Release|Any CPU.Build.0 = Release|Any CPU
	EndGlobalSection
	GlobalSection(SolutionProperties) = preSolution
		HideSolutionNode = FALSE
	EndGlobalSection
	GlobalSection(ExtensibilityGlobals) = postSolution
		SolutionGuid = {57A1D5BE-09D9-4B55-B2F1-7D507D039A29}
	EndGlobalSection
EndGlobal
